{
  "object": {
    "pins": [
      {
        "package": "Network",
        "repositoryURL": "https://github.com/pkrll/Network",
        "state": {
          "branch": null,
          "revision": "e9c07ed83bb39b5ff4bf8808797013dcdaff0956",
          "version": "0.1.0"
        }
      }
    ]
  },
  "version": 1
}
