{
  "object": {
    "pins": [
      {
        "package": "Network",
        "repositoryURL": "git@github.com:pkrll/Network.git",
        "state": {
          "branch": "main",
          "revision": "afac55da5dddcf156ef84d07f0ba93b3ecbd8ac4",
          "version": null
        }
      }
    ]
  },
  "version": 1
}
