{
  "object": {
    "pins": [
      {
        "package": "Network",
        "repositoryURL": "git@github.com:pkrll/Network.git",
        "state": {
          "branch": null,
          "revision": "076b039947b02d3aff4899ca0640acc33fefdd65",
          "version": "1.1.0"
        }
      }
    ]
  },
  "version": 1
}
